
Microsoft Visual Studio Solution File, Format Version 12.00
# Visual Studio Version 17
VisualStudioVersion = 17.7.34031.279
MinimumVisualStudioVersion = 10.0.40219.1
Project("{FAE04EC0-301F-11D3-BF4B-00C04F79EFBC}") = "TextBasedRPGMap", "TextBasedRPGMap\TextBasedRPGMap.csproj", "{D8A27795-116D-4041-9013-CD6DDFC9A543}"
EndProject
Global
	GlobalSection(SolutionConfigurationPlatforms) = preSolution
		Debug|Any CPU = Debug|Any CPU
		Release|Any CPU = Release|Any CPU
	EndGlobalSection
	GlobalSection(ProjectConfigurationPlatforms) = postSolution
		{D8A27795-116D-4041-9013-CD6DDFC9A543}.Debug|Any CPU.ActiveCfg = Debug|Any CPU
		{D8A27795-116D-4041-9013-CD6DDFC9A543}.Debug|Any CPU.Build.0 = Debug|Any CPU
		{D8A27795-116D-4041-9013-CD6DDFC9A543}.Release|Any CPU.ActiveCfg = Release|Any CPU
		{D8A27795-116D-4041-9013-CD6DDFC9A543}.Release|Any CPU.Build.0 = Release|Any CPU
	EndGlobalSection
	GlobalSection(SolutionProperties) = preSolution
		HideSolutionNode = FALSE
	EndGlobalSection
	GlobalSection(ExtensibilityGlobals) = postSolution
		SolutionGuid = {04859DE6-4E32-430C-A572-DBDA8E0E88C1}
	EndGlobalSection
EndGlobal
